// !$*UTF8*$!
{
	archiveVersion = 1;
	classes = {
	};
	objectVersion = 56;
	objects = {

/* Begin PBXBuildFile section */
		C82FA136CCEC1339B5B39944 /* Pods_NamMQI.framework in Frameworks */ = {isa = PBXBuildFile; fileRef = 7617B874052AC5E2D6940DE0 /* Pods_NamMQI.framework */; };
		EE0E19DD2BDA3DA900C04EAA /* Chugun.swift in Sources */ = {isa = PBXBuildFile; fileRef = EE0E19DC2BDA3DA900C04EAA /* Chugun.swift */; };
		EE0E19DF2BDA507800C04EAA /* AsbestSementQuvur.swift in Sources */ = {isa = PBXBuildFile; fileRef = EE0E19DE2BDA507800C04EAA /* AsbestSementQuvur.swift */; };
		EE0E19E12BDA540E00C04EAA /* PlastikQuvur.swift in Sources */ = {isa = PBXBuildFile; fileRef = EE0E19E02BDA540E00C04EAA /* PlastikQuvur.swift */; };
		EE0E19E32BDA8DA000C04EAA /* TemirBetonQuvur.swift in Sources */ = {isa = PBXBuildFile; fileRef = EE0E19E22BDA8DA000C04EAA /* TemirBetonQuvur.swift */; };
		EE0E19E52BDA937C00C04EAA /* ShishaQuvur.swift in Sources */ = {isa = PBXBuildFile; fileRef = EE0E19E42BDA937C00C04EAA /* ShishaQuvur.swift */; };
		EE0E19E72BDA939500C04EAA /* ShishaPlastMassa.swift in Sources */ = {isa = PBXBuildFile; fileRef = EE0E19E62BDA939500C04EAA /* ShishaPlastMassa.swift */; };
		EE117C9C2BD41735006BBB9D /* PolatQuvur.swift in Sources */ = {isa = PBXBuildFile; fileRef = EE117C9B2BD41735006BBB9D /* PolatQuvur.swift */; };
		EE1E58ED2B29EF530051DA49 /* AppDelegate.swift in Sources */ = {isa = PBXBuildFile; fileRef = EE1E58EC2B29EF530051DA49 /* AppDelegate.swift */; };
		EE1E58F72B29EF530051DA49 /* NamMQI.xcdatamodeld in Sources */ = {isa = PBXBuildFile; fileRef = EE1E58F52B29EF530051DA49 /* NamMQI.xcdatamodeld */; };
		EE1E58F92B29EF550051DA49 /* Assets.xcassets in Resources */ = {isa = PBXBuildFile; fileRef = EE1E58F82B29EF550051DA49 /* Assets.xcassets */; };
		EE1E58FC2B29EF550051DA49 /* LaunchScreen.storyboard in Resources */ = {isa = PBXBuildFile; fileRef = EE1E58FA2B29EF550051DA49 /* LaunchScreen.storyboard */; };
		EE1E59052B29EFA50051DA49 /* WelcomeVC.swift in Sources */ = {isa = PBXBuildFile; fileRef = EE1E59032B29EFA50051DA49 /* WelcomeVC.swift */; };
		EE1E59112B29FED20051DA49 /* MainVC.swift in Sources */ = {isa = PBXBuildFile; fileRef = EE1E590F2B29FED20051DA49 /* MainVC.swift */; };
		EE1E59182B2A0E170051DA49 /* CategoryDM.swift in Sources */ = {isa = PBXBuildFile; fileRef = EE1E59172B2A0E170051DA49 /* CategoryDM.swift */; };
		EEA4FCA92B33303700C3ABD3 /* SideMenuDM.swift in Sources */ = {isa = PBXBuildFile; fileRef = EEA4FCA82B33303700C3ABD3 /* SideMenuDM.swift */; };
		EED1205A2BCD6E5D00183436 /* SideMenuCell.swift in Sources */ = {isa = PBXBuildFile; fileRef = EED120592BCD6E5D00183436 /* SideMenuCell.swift */; };
		EED1205E2BCD7FCE00183436 /* MainVCCell.swift in Sources */ = {isa = PBXBuildFile; fileRef = EED1205D2BCD7FCE00183436 /* MainVCCell.swift */; };
		EED120602BCD8E4A00183436 /* PolatQuvurVC.swift in Sources */ = {isa = PBXBuildFile; fileRef = EED1205F2BCD8E4A00183436 /* PolatQuvurVC.swift */; };
		EED120622BCD8E7E00183436 /* PolatQuvurGazVC.swift in Sources */ = {isa = PBXBuildFile; fileRef = EED120612BCD8E7E00183436 /* PolatQuvurGazVC.swift */; };
		EED120642BCD8E9300183436 /* ChugunQuvurVC.swift in Sources */ = {isa = PBXBuildFile; fileRef = EED120632BCD8E9300183436 /* ChugunQuvurVC.swift */; };
		EED120662BCD8EA900183436 /* AsbestSementQuvurVC.swift in Sources */ = {isa = PBXBuildFile; fileRef = EED120652BCD8EA900183436 /* AsbestSementQuvurVC.swift */; };
		EED120682BCD8EBA00183436 /* PlastikQuvurVC.swift in Sources */ = {isa = PBXBuildFile; fileRef = EED120672BCD8EBA00183436 /* PlastikQuvurVC.swift */; };
		EED1206A2BCD8ECC00183436 /* TemirBetonQuvurVC.swift in Sources */ = {isa = PBXBuildFile; fileRef = EED120692BCD8ECC00183436 /* TemirBetonQuvurVC.swift */; };
		EED1206C2BCD8EDC00183436 /* ShishaQuvurVC.swift in Sources */ = {isa = PBXBuildFile; fileRef = EED1206B2BCD8EDC00183436 /* ShishaQuvurVC.swift */; };
		EED1206E2BCD8EEB00183436 /* MisQuvurVC.swift in Sources */ = {isa = PBXBuildFile; fileRef = EED1206D2BCD8EEB00183436 /* MisQuvurVC.swift */; };
		EED120702BCD8F0F00183436 /* PolitetilenQuvurVC.swift in Sources */ = {isa = PBXBuildFile; fileRef = EED1206F2BCD8F0F00183436 /* PolitetilenQuvurVC.swift */; };
		EED120722BCD8F2400183436 /* MetalPolimerQuvurVC.swift in Sources */ = {isa = PBXBuildFile; fileRef = EED120712BCD8F2400183436 /* MetalPolimerQuvurVC.swift */; };
		EED323DB2BD117A300887731 /* PolatQuvurGazCell.swift in Sources */ = {isa = PBXBuildFile; fileRef = EED323DA2BD117A300887731 /* PolatQuvurGazCell.swift */; };
		EED323DD2BD129E400887731 /* PolatQuvurCell.swift in Sources */ = {isa = PBXBuildFile; fileRef = EED323DC2BD129E400887731 /* PolatQuvurCell.swift */; };
		EED323DF2BD1328800887731 /* ChugunCell.swift in Sources */ = {isa = PBXBuildFile; fileRef = EED323DE2BD1328800887731 /* ChugunCell.swift */; };
		EED323E12BD1329D00887731 /* AsbestSementQuvurCell.swift in Sources */ = {isa = PBXBuildFile; fileRef = EED323E02BD1329D00887731 /* AsbestSementQuvurCell.swift */; };
		EED323E32BD132BB00887731 /* PlastikQuvurCell.swift in Sources */ = {isa = PBXBuildFile; fileRef = EED323E22BD132BB00887731 /* PlastikQuvurCell.swift */; };
		EED323E52BD132CC00887731 /* TemirBetonQuvurCell.swift in Sources */ = {isa = PBXBuildFile; fileRef = EED323E42BD132CC00887731 /* TemirBetonQuvurCell.swift */; };
		EED323E72BD132DC00887731 /* ShishaPlastMassaCell.swift in Sources */ = {isa = PBXBuildFile; fileRef = EED323E62BD132DC00887731 /* ShishaPlastMassaCell.swift */; };
		EED323E92BD132EE00887731 /* ShishaQuvurCell.swift in Sources */ = {isa = PBXBuildFile; fileRef = EED323E82BD132EE00887731 /* ShishaQuvurCell.swift */; };
		EED323EB2BD1330600887731 /* MisQuvurCell.swift in Sources */ = {isa = PBXBuildFile; fileRef = EED323EA2BD1330600887731 /* MisQuvurCell.swift */; };
		EED323ED2BD1331800887731 /* PolitetilenQuvurCell.swift in Sources */ = {isa = PBXBuildFile; fileRef = EED323EC2BD1331800887731 /* PolitetilenQuvurCell.swift */; };
		EED323EF2BD1332B00887731 /* MetalPolimerQuvurCell.swift in Sources */ = {isa = PBXBuildFile; fileRef = EED323EE2BD1332B00887731 /* MetalPolimerQuvurCell.swift */; };
		EEDD38F82BCDA47B00906288 /* ShishaPlastmassaVC.swift in Sources */ = {isa = PBXBuildFile; fileRef = EEDD38F72BCDA47B00906288 /* ShishaPlastmassaVC.swift */; };
		EEDF92FB2BCEBD4800EFD305 /* UIView.swift in Sources */ = {isa = PBXBuildFile; fileRef = EEDF92FA2BCEBD4800EFD305 /* UIView.swift */; };
		EEF5171B2BD2A700000D756A /* PolatQuvurGaz.swift in Sources */ = {isa = PBXBuildFile; fileRef = EEF5171A2BD2A700000D756A /* PolatQuvurGaz.swift */; };
/* End PBXBuildFile section */

/* Begin PBXFileReference section */
		2C94B1202037106C03A4AE0D /* Pods-NamMQI.release.xcconfig */ = {isa = PBXFileReference; includeInIndex = 1; lastKnownFileType = text.xcconfig; name = "Pods-NamMQI.release.xcconfig"; path = "Target Support Files/Pods-NamMQI/Pods-NamMQI.release.xcconfig"; sourceTree = "<group>"; };
		7617B874052AC5E2D6940DE0 /* Pods_NamMQI.framework */ = {isa = PBXFileReference; explicitFileType = wrapper.framework; includeInIndex = 0; path = Pods_NamMQI.framework; sourceTree = BUILT_PRODUCTS_DIR; };
		83E528CE2368610E299D8676 /* Pods-NamMQI.debug.xcconfig */ = {isa = PBXFileReference; includeInIndex = 1; lastKnownFileType = text.xcconfig; name = "Pods-NamMQI.debug.xcconfig"; path = "Target Support Files/Pods-NamMQI/Pods-NamMQI.debug.xcconfig"; sourceTree = "<group>"; };
		EE0E19DC2BDA3DA900C04EAA /* Chugun.swift */ = {isa = PBXFileReference; lastKnownFileType = sourcecode.swift; path = Chugun.swift; sourceTree = "<group>"; };
		EE0E19DE2BDA507800C04EAA /* AsbestSementQuvur.swift */ = {isa = PBXFileReference; lastKnownFileType = sourcecode.swift; path = AsbestSementQuvur.swift; sourceTree = "<group>"; };
		EE0E19E02BDA540E00C04EAA /* PlastikQuvur.swift */ = {isa = PBXFileReference; lastKnownFileType = sourcecode.swift; path = PlastikQuvur.swift; sourceTree = "<group>"; };
		EE0E19E22BDA8DA000C04EAA /* TemirBetonQuvur.swift */ = {isa = PBXFileReference; lastKnownFileType = sourcecode.swift; path = TemirBetonQuvur.swift; sourceTree = "<group>"; };
		EE0E19E42BDA937C00C04EAA /* ShishaQuvur.swift */ = {isa = PBXFileReference; lastKnownFileType = sourcecode.swift; path = ShishaQuvur.swift; sourceTree = "<group>"; };
		EE0E19E62BDA939500C04EAA /* ShishaPlastMassa.swift */ = {isa = PBXFileReference; lastKnownFileType = sourcecode.swift; path = ShishaPlastMassa.swift; sourceTree = "<group>"; };
		EE117C9B2BD41735006BBB9D /* PolatQuvur.swift */ = {isa = PBXFileReference; lastKnownFileType = sourcecode.swift; path = PolatQuvur.swift; sourceTree = "<group>"; };
		EE1E58E92B29EF530051DA49 /* NamMQI.app */ = {isa = PBXFileReference; explicitFileType = wrapper.application; includeInIndex = 0; path = NamMQI.app; sourceTree = BUILT_PRODUCTS_DIR; };
		EE1E58EC2B29EF530051DA49 /* AppDelegate.swift */ = {isa = PBXFileReference; lastKnownFileType = sourcecode.swift; path = AppDelegate.swift; sourceTree = "<group>"; };
		EE1E58F62B29EF530051DA49 /* NamMQI.xcdatamodel */ = {isa = PBXFileReference; lastKnownFileType = wrapper.xcdatamodel; path = NamMQI.xcdatamodel; sourceTree = "<group>"; };
		EE1E58F82B29EF550051DA49 /* Assets.xcassets */ = {isa = PBXFileReference; lastKnownFileType = folder.assetcatalog; path = Assets.xcassets; sourceTree = "<group>"; };
		EE1E58FB2B29EF550051DA49 /* Base */ = {isa = PBXFileReference; lastKnownFileType = file.storyboard; name = Base; path = Base.lproj/LaunchScreen.storyboard; sourceTree = "<group>"; };
		EE1E58FD2B29EF550051DA49 /* Info.plist */ = {isa = PBXFileReference; lastKnownFileType = text.plist.xml; path = Info.plist; sourceTree = "<group>"; };
		EE1E59032B29EFA50051DA49 /* WelcomeVC.swift */ = {isa = PBXFileReference; lastKnownFileType = sourcecode.swift; path = WelcomeVC.swift; sourceTree = "<group>"; };
		EE1E590F2B29FED20051DA49 /* MainVC.swift */ = {isa = PBXFileReference; lastKnownFileType = sourcecode.swift; path = MainVC.swift; sourceTree = "<group>"; };
		EE1E59172B2A0E170051DA49 /* CategoryDM.swift */ = {isa = PBXFileReference; lastKnownFileType = sourcecode.swift; path = CategoryDM.swift; sourceTree = "<group>"; };
		EEA4FCA82B33303700C3ABD3 /* SideMenuDM.swift */ = {isa = PBXFileReference; lastKnownFileType = sourcecode.swift; path = SideMenuDM.swift; sourceTree = "<group>"; };
		EED120592BCD6E5D00183436 /* SideMenuCell.swift */ = {isa = PBXFileReference; lastKnownFileType = sourcecode.swift; path = SideMenuCell.swift; sourceTree = "<group>"; };
		EED1205D2BCD7FCE00183436 /* MainVCCell.swift */ = {isa = PBXFileReference; lastKnownFileType = sourcecode.swift; path = MainVCCell.swift; sourceTree = "<group>"; };
		EED1205F2BCD8E4A00183436 /* PolatQuvurVC.swift */ = {isa = PBXFileReference; lastKnownFileType = sourcecode.swift; path = PolatQuvurVC.swift; sourceTree = "<group>"; };
		EED120612BCD8E7E00183436 /* PolatQuvurGazVC.swift */ = {isa = PBXFileReference; lastKnownFileType = sourcecode.swift; path = PolatQuvurGazVC.swift; sourceTree = "<group>"; };
		EED120632BCD8E9300183436 /* ChugunQuvurVC.swift */ = {isa = PBXFileReference; lastKnownFileType = sourcecode.swift; path = ChugunQuvurVC.swift; sourceTree = "<group>"; };
		EED120652BCD8EA900183436 /* AsbestSementQuvurVC.swift */ = {isa = PBXFileReference; lastKnownFileType = sourcecode.swift; path = AsbestSementQuvurVC.swift; sourceTree = "<group>"; };
		EED120672BCD8EBA00183436 /* PlastikQuvurVC.swift */ = {isa = PBXFileReference; lastKnownFileType = sourcecode.swift; path = PlastikQuvurVC.swift; sourceTree = "<group>"; };
		EED120692BCD8ECC00183436 /* TemirBetonQuvurVC.swift */ = {isa = PBXFileReference; lastKnownFileType = sourcecode.swift; path = TemirBetonQuvurVC.swift; sourceTree = "<group>"; };
		EED1206B2BCD8EDC00183436 /* ShishaQuvurVC.swift */ = {isa = PBXFileReference; lastKnownFileType = sourcecode.swift; path = ShishaQuvurVC.swift; sourceTree = "<group>"; };
		EED1206D2BCD8EEB00183436 /* MisQuvurVC.swift */ = {isa = PBXFileReference; lastKnownFileType = sourcecode.swift; path = MisQuvurVC.swift; sourceTree = "<group>"; };
		EED1206F2BCD8F0F00183436 /* PolitetilenQuvurVC.swift */ = {isa = PBXFileReference; lastKnownFileType = sourcecode.swift; path = PolitetilenQuvurVC.swift; sourceTree = "<group>"; };
		EED120712BCD8F2400183436 /* MetalPolimerQuvurVC.swift */ = {isa = PBXFileReference; lastKnownFileType = sourcecode.swift; path = MetalPolimerQuvurVC.swift; sourceTree = "<group>"; };
		EED323DA2BD117A300887731 /* PolatQuvurGazCell.swift */ = {isa = PBXFileReference; lastKnownFileType = sourcecode.swift; path = PolatQuvurGazCell.swift; sourceTree = "<group>"; };
		EED323DC2BD129E400887731 /* PolatQuvurCell.swift */ = {isa = PBXFileReference; lastKnownFileType = sourcecode.swift; path = PolatQuvurCell.swift; sourceTree = "<group>"; };
		EED323DE2BD1328800887731 /* ChugunCell.swift */ = {isa = PBXFileReference; lastKnownFileType = sourcecode.swift; path = ChugunCell.swift; sourceTree = "<group>"; };
		EED323E02BD1329D00887731 /* AsbestSementQuvurCell.swift */ = {isa = PBXFileReference; lastKnownFileType = sourcecode.swift; path = AsbestSementQuvurCell.swift; sourceTree = "<group>"; };
		EED323E22BD132BB00887731 /* PlastikQuvurCell.swift */ = {isa = PBXFileReference; lastKnownFileType = sourcecode.swift; path = PlastikQuvurCell.swift; sourceTree = "<group>"; };
		EED323E42BD132CC00887731 /* TemirBetonQuvurCell.swift */ = {isa = PBXFileReference; lastKnownFileType = sourcecode.swift; path = TemirBetonQuvurCell.swift; sourceTree = "<group>"; };
		EED323E62BD132DC00887731 /* ShishaPlastMassaCell.swift */ = {isa = PBXFileReference; lastKnownFileType = sourcecode.swift; path = ShishaPlastMassaCell.swift; sourceTree = "<group>"; };
		EED323E82BD132EE00887731 /* ShishaQuvurCell.swift */ = {isa = PBXFileReference; lastKnownFileType = sourcecode.swift; path = ShishaQuvurCell.swift; sourceTree = "<group>"; };
		EED323EA2BD1330600887731 /* MisQuvurCell.swift */ = {isa = PBXFileReference; lastKnownFileType = sourcecode.swift; path = MisQuvurCell.swift; sourceTree = "<group>"; };
		EED323EC2BD1331800887731 /* PolitetilenQuvurCell.swift */ = {isa = PBXFileReference; lastKnownFileType = sourcecode.swift; path = PolitetilenQuvurCell.swift; sourceTree = "<group>"; };
		EED323EE2BD1332B00887731 /* MetalPolimerQuvurCell.swift */ = {isa = PBXFileReference; lastKnownFileType = sourcecode.swift; path = MetalPolimerQuvurCell.swift; sourceTree = "<group>"; };
		EEDD38F72BCDA47B00906288 /* ShishaPlastmassaVC.swift */ = {isa = PBXFileReference; lastKnownFileType = sourcecode.swift; path = ShishaPlastmassaVC.swift; sourceTree = "<group>"; };
		EEDF92FA2BCEBD4800EFD305 /* UIView.swift */ = {isa = PBXFileReference; lastKnownFileType = sourcecode.swift; path = UIView.swift; sourceTree = "<group>"; };
		EEF5171A2BD2A700000D756A /* PolatQuvurGaz.swift */ = {isa = PBXFileReference; lastKnownFileType = sourcecode.swift; path = PolatQuvurGaz.swift; sourceTree = "<group>"; };
/* End PBXFileReference section */

/* Begin PBXFrameworksBuildPhase section */
		EE1E58E62B29EF530051DA49 /* Frameworks */ = {
			isa = PBXFrameworksBuildPhase;
			buildActionMask = 2147483647;
			files = (
				C82FA136CCEC1339B5B39944 /* Pods_NamMQI.framework in Frameworks */,
			);
			runOnlyForDeploymentPostprocessing = 0;
		};
/* End PBXFrameworksBuildPhase section */

/* Begin PBXGroup section */
		B610E864AC457BB447282A40 /* Pods */ = {
			isa = PBXGroup;
			children = (
				83E528CE2368610E299D8676 /* Pods-NamMQI.debug.xcconfig */,
				2C94B1202037106C03A4AE0D /* Pods-NamMQI.release.xcconfig */,
			);
			path = Pods;
			sourceTree = "<group>";
		};
		C082B5ADE8CE37FF73F8F690 /* Frameworks */ = {
			isa = PBXGroup;
			children = (
				7617B874052AC5E2D6940DE0 /* Pods_NamMQI.framework */,
			);
			name = Frameworks;
			sourceTree = "<group>";
		};
		EE1E58E02B29EF530051DA49 = {
			isa = PBXGroup;
			children = (
				EE1E58EB2B29EF530051DA49 /* NamMQI */,
				EE1E58EA2B29EF530051DA49 /* Products */,
				B610E864AC457BB447282A40 /* Pods */,
				C082B5ADE8CE37FF73F8F690 /* Frameworks */,
			);
			sourceTree = "<group>";
		};
		EE1E58EA2B29EF530051DA49 /* Products */ = {
			isa = PBXGroup;
			children = (
				EE1E58E92B29EF530051DA49 /* NamMQI.app */,
			);
			name = Products;
			sourceTree = "<group>";
		};
		EE1E58EB2B29EF530051DA49 /* NamMQI */ = {
			isa = PBXGroup;
			children = (
				EEE301A92B2DF99D00BA9042 /* Setting Folder */,
				EEE301AA2B2DF9F400BA9042 /* Main Controllers */,
				EEE301AD2B2DFA9200BA9042 /* Cell file */,
				EEE301AE2B2DFAC000BA9042 /* Data Model File */,
				EE1E58F52B29EF530051DA49 /* NamMQI.xcdatamodeld */,
				EE1E58FD2B29EF550051DA49 /* Info.plist */,
			);
			path = NamMQI;
			sourceTree = "<group>";
		};
		EED323F02BD1333A00887731 /* Extension */ = {
			isa = PBXGroup;
			children = (
				EEDF92FA2BCEBD4800EFD305 /* UIView.swift */,
				EEF5171A2BD2A700000D756A /* PolatQuvurGaz.swift */,
				EE117C9B2BD41735006BBB9D /* PolatQuvur.swift */,
				EE0E19DC2BDA3DA900C04EAA /* Chugun.swift */,
				EE0E19DE2BDA507800C04EAA /* AsbestSementQuvur.swift */,
				EE0E19E02BDA540E00C04EAA /* PlastikQuvur.swift */,
				EE0E19E22BDA8DA000C04EAA /* TemirBetonQuvur.swift */,
				EE0E19E62BDA939500C04EAA /* ShishaPlastMassa.swift */,
				EE0E19E42BDA937C00C04EAA /* ShishaQuvur.swift */,
			);
			name = Extension;
			sourceTree = "<group>";
		};
		EED323F12BD1335300887731 /* Cells */ = {
			isa = PBXGroup;
			children = (
				EED323DA2BD117A300887731 /* PolatQuvurGazCell.swift */,
				EED323DC2BD129E400887731 /* PolatQuvurCell.swift */,
				EED323DE2BD1328800887731 /* ChugunCell.swift */,
				EED323E02BD1329D00887731 /* AsbestSementQuvurCell.swift */,
				EED323E22BD132BB00887731 /* PlastikQuvurCell.swift */,
				EED323E42BD132CC00887731 /* TemirBetonQuvurCell.swift */,
				EED323E62BD132DC00887731 /* ShishaPlastMassaCell.swift */,
				EED323E82BD132EE00887731 /* ShishaQuvurCell.swift */,
				EED323EA2BD1330600887731 /* MisQuvurCell.swift */,
				EED323EC2BD1331800887731 /* PolitetilenQuvurCell.swift */,
				EED323EE2BD1332B00887731 /* MetalPolimerQuvurCell.swift */,
			);
			path = Cells;
			sourceTree = "<group>";
		};
		EED323F22BD1339800887731 /* WelcomVC */ = {
			isa = PBXGroup;
			children = (
				EE1E59032B29EFA50051DA49 /* WelcomeVC.swift */,
			);
			name = WelcomVC;
			sourceTree = "<group>";
		};
		EEE301A92B2DF99D00BA9042 /* Setting Folder */ = {
			isa = PBXGroup;
			children = (
				EE1E58EC2B29EF530051DA49 /* AppDelegate.swift */,
				EE1E58F82B29EF550051DA49 /* Assets.xcassets */,
				EE1E58FA2B29EF550051DA49 /* LaunchScreen.storyboard */,
			);
			path = "Setting Folder";
			sourceTree = "<group>";
		};
		EEE301AA2B2DF9F400BA9042 /* Main Controllers */ = {
			isa = PBXGroup;
			children = (
				EED323F02BD1333A00887731 /* Extension */,
				EED323F12BD1335300887731 /* Cells */,
				EED323F22BD1339800887731 /* WelcomVC */,
				EEE301AB2B2DFA2900BA9042 /* Views */,
			);
			path = "Main Controllers";
			sourceTree = "<group>";
		};
		EEE301AB2B2DFA2900BA9042 /* Views */ = {
			isa = PBXGroup;
			children = (
				EE1E590F2B29FED20051DA49 /* MainVC.swift */,
				EED120612BCD8E7E00183436 /* PolatQuvurGazVC.swift */,
				EED1205F2BCD8E4A00183436 /* PolatQuvurVC.swift */,
				EED120632BCD8E9300183436 /* ChugunQuvurVC.swift */,
				EED120652BCD8EA900183436 /* AsbestSementQuvurVC.swift */,
				EED120672BCD8EBA00183436 /* PlastikQuvurVC.swift */,
				EED120692BCD8ECC00183436 /* TemirBetonQuvurVC.swift */,
				EEDD38F72BCDA47B00906288 /* ShishaPlastmassaVC.swift */,
				EED1206B2BCD8EDC00183436 /* ShishaQuvurVC.swift */,
				EED1206D2BCD8EEB00183436 /* MisQuvurVC.swift */,
				EED1206F2BCD8F0F00183436 /* PolitetilenQuvurVC.swift */,
				EED120712BCD8F2400183436 /* MetalPolimerQuvurVC.swift */,
			);
			path = Views;
			sourceTree = "<group>";
		};
		EEE301AD2B2DFA9200BA9042 /* Cell file */ = {
			isa = PBXGroup;
			children = (
				EED120592BCD6E5D00183436 /* SideMenuCell.swift */,
				EED1205D2BCD7FCE00183436 /* MainVCCell.swift */,
			);
			path = "Cell file";
			sourceTree = "<group>";
		};
		EEE301AE2B2DFAC000BA9042 /* Data Model File */ = {
			isa = PBXGroup;
			children = (
				EE1E59172B2A0E170051DA49 /* CategoryDM.swift */,
				EEA4FCA82B33303700C3ABD3 /* SideMenuDM.swift */,
			);
			path = "Data Model File";
			sourceTree = "<group>";
		};
/* End PBXGroup section */

/* Begin PBXNativeTarget section */
		EE1E58E82B29EF530051DA49 /* NamMQI */ = {
			isa = PBXNativeTarget;
			buildConfigurationList = EE1E59002B29EF550051DA49 /* Build configuration list for PBXNativeTarget "NamMQI" */;
			buildPhases = (
				20E4548F669361105889700E /* [CP] Check Pods Manifest.lock */,
				EE1E58E52B29EF530051DA49 /* Sources */,
				EE1E58E62B29EF530051DA49 /* Frameworks */,
				EE1E58E72B29EF530051DA49 /* Resources */,
				6435F71E4ED9CB1064382D69 /* [CP] Embed Pods Frameworks */,
			);
			buildRules = (
			);
			dependencies = (
			);
			name = NamMQI;
			productName = NamMQI;
			productReference = EE1E58E92B29EF530051DA49 /* NamMQI.app */;
			productType = "com.apple.product-type.application";
		};
/* End PBXNativeTarget section */

/* Begin PBXProject section */
		EE1E58E12B29EF530051DA49 /* Project object */ = {
			isa = PBXProject;
			attributes = {
				BuildIndependentTargetsInParallel = 1;
				LastSwiftUpdateCheck = 1430;
				LastUpgradeCheck = 1430;
				TargetAttributes = {
					EE1E58E82B29EF530051DA49 = {
						CreatedOnToolsVersion = 14.3.1;
					};
				};
			};
			buildConfigurationList = EE1E58E42B29EF530051DA49 /* Build configuration list for PBXProject "NamMQI" */;
			compatibilityVersion = "Xcode 14.0";
			developmentRegion = en;
			hasScannedForEncodings = 0;
			knownRegions = (
				en,
				Base,
			);
			mainGroup = EE1E58E02B29EF530051DA49;
			productRefGroup = EE1E58EA2B29EF530051DA49 /* Products */;
			projectDirPath = "";
			projectRoot = "";
			targets = (
				EE1E58E82B29EF530051DA49 /* NamMQI */,
			);
		};
/* End PBXProject section */

/* Begin PBXResourcesBuildPhase section */
		EE1E58E72B29EF530051DA49 /* Resources */ = {
			isa = PBXResourcesBuildPhase;
			buildActionMask = 2147483647;
			files = (
				EE1E58FC2B29EF550051DA49 /* LaunchScreen.storyboard in Resources */,
				EE1E58F92B29EF550051DA49 /* Assets.xcassets in Resources */,
			);
			runOnlyForDeploymentPostprocessing = 0;
		};
/* End PBXResourcesBuildPhase section */

/* Begin PBXShellScriptBuildPhase section */
		20E4548F669361105889700E /* [CP] Check Pods Manifest.lock */ = {
			isa = PBXShellScriptBuildPhase;
			buildActionMask = 2147483647;
			files = (
			);
			inputFileListPaths = (
			);
			inputPaths = (
				"${PODS_PODFILE_DIR_PATH}/Podfile.lock",
				"${PODS_ROOT}/Manifest.lock",
			);
			name = "[CP] Check Pods Manifest.lock";
			outputFileListPaths = (
			);
			outputPaths = (
				"$(DERIVED_FILE_DIR)/Pods-NamMQI-checkManifestLockResult.txt",
			);
			runOnlyForDeploymentPostprocessing = 0;
			shellPath = /bin/sh;
			shellScript = "diff \"${PODS_PODFILE_DIR_PATH}/Podfile.lock\" \"${PODS_ROOT}/Manifest.lock\" > /dev/null\nif [ $? != 0 ] ; then\n    # print error to STDERR\n    echo \"error: The sandbox is not in sync with the Podfile.lock. Run 'pod install' or update your CocoaPods installation.\" >&2\n    exit 1\nfi\n# This output is used by Xcode 'outputs' to avoid re-running this script phase.\necho \"SUCCESS\" > \"${SCRIPT_OUTPUT_FILE_0}\"\n";
			showEnvVarsInLog = 0;
		};
		6435F71E4ED9CB1064382D69 /* [CP] Embed Pods Frameworks */ = {
			isa = PBXShellScriptBuildPhase;
			buildActionMask = 2147483647;
			files = (
			);
			inputFileListPaths = (
				"${PODS_ROOT}/Target Support Files/Pods-NamMQI/Pods-NamMQI-frameworks-${CONFIGURATION}-input-files.xcfilelist",
			);
			name = "[CP] Embed Pods Frameworks";
			outputFileListPaths = (
				"${PODS_ROOT}/Target Support Files/Pods-NamMQI/Pods-NamMQI-frameworks-${CONFIGURATION}-output-files.xcfilelist",
			);
			runOnlyForDeploymentPostprocessing = 0;
			shellPath = /bin/sh;
			shellScript = "\"${PODS_ROOT}/Target Support Files/Pods-NamMQI/Pods-NamMQI-frameworks.sh\"\n";
			showEnvVarsInLog = 0;
		};
/* End PBXShellScriptBuildPhase section */

/* Begin PBXSourcesBuildPhase section */
		EE1E58E52B29EF530051DA49 /* Sources */ = {
			isa = PBXSourcesBuildPhase;
			buildActionMask = 2147483647;
			files = (
				EE0E19E12BDA540E00C04EAA /* PlastikQuvur.swift in Sources */,
				EED323E32BD132BB00887731 /* PlastikQuvurCell.swift in Sources */,
				EEDF92FB2BCEBD4800EFD305 /* UIView.swift in Sources */,
				EED323DF2BD1328800887731 /* ChugunCell.swift in Sources */,
				EED1206E2BCD8EEB00183436 /* MisQuvurVC.swift in Sources */,
				EED323EF2BD1332B00887731 /* MetalPolimerQuvurCell.swift in Sources */,
				EED323E52BD132CC00887731 /* TemirBetonQuvurCell.swift in Sources */,
				EE1E59052B29EFA50051DA49 /* WelcomeVC.swift in Sources */,
				EED1205E2BCD7FCE00183436 /* MainVCCell.swift in Sources */,
				EED323EB2BD1330600887731 /* MisQuvurCell.swift in Sources */,
				EED1205A2BCD6E5D00183436 /* SideMenuCell.swift in Sources */,
				EED120602BCD8E4A00183436 /* PolatQuvurVC.swift in Sources */,
				EED120722BCD8F2400183436 /* MetalPolimerQuvurVC.swift in Sources */,
				EE0E19E72BDA939500C04EAA /* ShishaPlastMassa.swift in Sources */,
				EED120682BCD8EBA00183436 /* PlastikQuvurVC.swift in Sources */,
				EED323E92BD132EE00887731 /* ShishaQuvurCell.swift in Sources */,
				EE0E19E32BDA8DA000C04EAA /* TemirBetonQuvur.swift in Sources */,
				EED323E72BD132DC00887731 /* ShishaPlastMassaCell.swift in Sources */,
				EE117C9C2BD41735006BBB9D /* PolatQuvur.swift in Sources */,
				EE1E59182B2A0E170051DA49 /* CategoryDM.swift in Sources */,
				EED1206C2BCD8EDC00183436 /* ShishaQuvurVC.swift in Sources */,
				EED120702BCD8F0F00183436 /* PolitetilenQuvurVC.swift in Sources */,
				EE0E19E52BDA937C00C04EAA /* ShishaQuvur.swift in Sources */,
				EE1E59112B29FED20051DA49 /* MainVC.swift in Sources */,
				EEF5171B2BD2A700000D756A /* PolatQuvurGaz.swift in Sources */,
				EED1206A2BCD8ECC00183436 /* TemirBetonQuvurVC.swift in Sources */,
				EED120662BCD8EA900183436 /* AsbestSementQuvurVC.swift in Sources */,
				EED323DD2BD129E400887731 /* PolatQuvurCell.swift in Sources */,
				EE1E58ED2B29EF530051DA49 /* AppDelegate.swift in Sources */,
				EE1E58F72B29EF530051DA49 /* NamMQI.xcdatamodeld in Sources */,
				EED323DB2BD117A300887731 /* PolatQuvurGazCell.swift in Sources */,
				EED120622BCD8E7E00183436 /* PolatQuvurGazVC.swift in Sources */,
				EEDD38F82BCDA47B00906288 /* ShishaPlastmassaVC.swift in Sources */,
				EE0E19DD2BDA3DA900C04EAA /* Chugun.swift in Sources */,
				EED120642BCD8E9300183436 /* ChugunQuvurVC.swift in Sources */,
				EE0E19DF2BDA507800C04EAA /* AsbestSementQuvur.swift in Sources */,
				EED323ED2BD1331800887731 /* PolitetilenQuvurCell.swift in Sources */,
				EEA4FCA92B33303700C3ABD3 /* SideMenuDM.swift in Sources */,
				EED323E12BD1329D00887731 /* AsbestSementQuvurCell.swift in Sources */,
			);
			runOnlyForDeploymentPostprocessing = 0;
		};
/* End PBXSourcesBuildPhase section */

/* Begin PBXVariantGroup section */
		EE1E58FA2B29EF550051DA49 /* LaunchScreen.storyboard */ = {
			isa = PBXVariantGroup;
			children = (
				EE1E58FB2B29EF550051DA49 /* Base */,
			);
			name = LaunchScreen.storyboard;
			sourceTree = "<group>";
		};
/* End PBXVariantGroup section */

/* Begin XCBuildConfiguration section */
		EE1E58FE2B29EF550051DA49 /* Debug */ = {
			isa = XCBuildConfiguration;
			buildSettings = {
				ALWAYS_SEARCH_USER_PATHS = NO;
				CLANG_ANALYZER_NONNULL = YES;
				CLANG_ANALYZER_NUMBER_OBJECT_CONVERSION = YES_AGGRESSIVE;
				CLANG_CXX_LANGUAGE_STANDARD = "gnu++20";
				CLANG_ENABLE_MODULES = YES;
				CLANG_ENABLE_OBJC_ARC = YES;
				CLANG_ENABLE_OBJC_WEAK = YES;
				CLANG_WARN_BLOCK_CAPTURE_AUTORELEASING = YES;
				CLANG_WARN_BOOL_CONVERSION = YES;
				CLANG_WARN_COMMA = YES;
				CLANG_WARN_CONSTANT_CONVERSION = YES;
				CLANG_WARN_DEPRECATED_OBJC_IMPLEMENTATIONS = YES;
				CLANG_WARN_DIRECT_OBJC_ISA_USAGE = YES_ERROR;
				CLANG_WARN_DOCUMENTATION_COMMENTS = YES;
				CLANG_WARN_EMPTY_BODY = YES;
				CLANG_WARN_ENUM_CONVERSION = YES;
				CLANG_WARN_INFINITE_RECURSION = YES;
				CLANG_WARN_INT_CONVERSION = YES;
				CLANG_WARN_NON_LITERAL_NULL_CONVERSION = YES;
				CLANG_WARN_OBJC_IMPLICIT_RETAIN_SELF = YES;
				CLANG_WARN_OBJC_LITERAL_CONVERSION = YES;
				CLANG_WARN_OBJC_ROOT_CLASS = YES_ERROR;
				CLANG_WARN_QUOTED_INCLUDE_IN_FRAMEWORK_HEADER = YES;
				CLANG_WARN_RANGE_LOOP_ANALYSIS = YES;
				CLANG_WARN_STRICT_PROTOTYPES = YES;
				CLANG_WARN_SUSPICIOUS_MOVE = YES;
				CLANG_WARN_UNGUARDED_AVAILABILITY = YES_AGGRESSIVE;
				CLANG_WARN_UNREACHABLE_CODE = YES;
				CLANG_WARN__DUPLICATE_METHOD_MATCH = YES;
				COPY_PHASE_STRIP = NO;
				DEBUG_INFORMATION_FORMAT = dwarf;
				ENABLE_STRICT_OBJC_MSGSEND = YES;
				ENABLE_TESTABILITY = YES;
				GCC_C_LANGUAGE_STANDARD = gnu11;
				GCC_DYNAMIC_NO_PIC = NO;
				GCC_NO_COMMON_BLOCKS = YES;
				GCC_OPTIMIZATION_LEVEL = 0;
				GCC_PREPROCESSOR_DEFINITIONS = (
					"DEBUG=1",
					"$(inherited)",
				);
				GCC_WARN_64_TO_32_BIT_CONVERSION = YES;
				GCC_WARN_ABOUT_RETURN_TYPE = YES_ERROR;
				GCC_WARN_UNDECLARED_SELECTOR = YES;
				GCC_WARN_UNINITIALIZED_AUTOS = YES_AGGRESSIVE;
				GCC_WARN_UNUSED_FUNCTION = YES;
				GCC_WARN_UNUSED_VARIABLE = YES;
				IPHONEOS_DEPLOYMENT_TARGET = 16.4;
				MTL_ENABLE_DEBUG_INFO = INCLUDE_SOURCE;
				MTL_FAST_MATH = YES;
				ONLY_ACTIVE_ARCH = YES;
				SDKROOT = iphoneos;
				SWIFT_ACTIVE_COMPILATION_CONDITIONS = DEBUG;
				SWIFT_OPTIMIZATION_LEVEL = "-Onone";
			};
			name = Debug;
		};
		EE1E58FF2B29EF550051DA49 /* Release */ = {
			isa = XCBuildConfiguration;
			buildSettings = {
				ALWAYS_SEARCH_USER_PATHS = NO;
				CLANG_ANALYZER_NONNULL = YES;
				CLANG_ANALYZER_NUMBER_OBJECT_CONVERSION = YES_AGGRESSIVE;
				CLANG_CXX_LANGUAGE_STANDARD = "gnu++20";
				CLANG_ENABLE_MODULES = YES;
				CLANG_ENABLE_OBJC_ARC = YES;
				CLANG_ENABLE_OBJC_WEAK = YES;
				CLANG_WARN_BLOCK_CAPTURE_AUTORELEASING = YES;
				CLANG_WARN_BOOL_CONVERSION = YES;
				CLANG_WARN_COMMA = YES;
				CLANG_WARN_CONSTANT_CONVERSION = YES;
				CLANG_WARN_DEPRECATED_OBJC_IMPLEMENTATIONS = YES;
				CLANG_WARN_DIRECT_OBJC_ISA_USAGE = YES_ERROR;
				CLANG_WARN_DOCUMENTATION_COMMENTS = YES;
				CLANG_WARN_EMPTY_BODY = YES;
				CLANG_WARN_ENUM_CONVERSION = YES;
				CLANG_WARN_INFINITE_RECURSION = YES;
				CLANG_WARN_INT_CONVERSION = YES;
				CLANG_WARN_NON_LITERAL_NULL_CONVERSION = YES;
				CLANG_WARN_OBJC_IMPLICIT_RETAIN_SELF = YES;
				CLANG_WARN_OBJC_LITERAL_CONVERSION = YES;
				CLANG_WARN_OBJC_ROOT_CLASS = YES_ERROR;
				CLANG_WARN_QUOTED_INCLUDE_IN_FRAMEWORK_HEADER = YES;
				CLANG_WARN_RANGE_LOOP_ANALYSIS = YES;
				CLANG_WARN_STRICT_PROTOTYPES = YES;
				CLANG_WARN_SUSPICIOUS_MOVE = YES;
				CLANG_WARN_UNGUARDED_AVAILABILITY = YES_AGGRESSIVE;
				CLANG_WARN_UNREACHABLE_CODE = YES;
				CLANG_WARN__DUPLICATE_METHOD_MATCH = YES;
				COPY_PHASE_STRIP = NO;
				DEBUG_INFORMATION_FORMAT = "dwarf-with-dsym";
				ENABLE_NS_ASSERTIONS = NO;
				ENABLE_STRICT_OBJC_MSGSEND = YES;
				GCC_C_LANGUAGE_STANDARD = gnu11;
				GCC_NO_COMMON_BLOCKS = YES;
				GCC_WARN_64_TO_32_BIT_CONVERSION = YES;
				GCC_WARN_ABOUT_RETURN_TYPE = YES_ERROR;
				GCC_WARN_UNDECLARED_SELECTOR = YES;
				GCC_WARN_UNINITIALIZED_AUTOS = YES_AGGRESSIVE;
				GCC_WARN_UNUSED_FUNCTION = YES;
				GCC_WARN_UNUSED_VARIABLE = YES;
				IPHONEOS_DEPLOYMENT_TARGET = 16.4;
				MTL_ENABLE_DEBUG_INFO = NO;
				MTL_FAST_MATH = YES;
				SDKROOT = iphoneos;
				SWIFT_COMPILATION_MODE = wholemodule;
				SWIFT_OPTIMIZATION_LEVEL = "-O";
				VALIDATE_PRODUCT = YES;
			};
			name = Release;
		};
		EE1E59012B29EF550051DA49 /* Debug */ = {
			isa = XCBuildConfiguration;
			baseConfigurationReference = 83E528CE2368610E299D8676 /* Pods-NamMQI.debug.xcconfig */;
			buildSettings = {
				ASSETCATALOG_COMPILER_APPICON_NAME = AppIcon;
				ASSETCATALOG_COMPILER_GLOBAL_ACCENT_COLOR_NAME = AccentColor;
				CODE_SIGN_STYLE = Automatic;
				CURRENT_PROJECT_VERSION = 1;
				DEVELOPMENT_TEAM = CWJG98258B;
				GENERATE_INFOPLIST_FILE = YES;
				INFOPLIST_FILE = NamMQI/Info.plist;
				INFOPLIST_KEY_CFBundleDisplayName = NamMaster;
				INFOPLIST_KEY_UIApplicationSupportsIndirectInputEvents = YES;
				INFOPLIST_KEY_UILaunchStoryboardName = LaunchScreen;
				INFOPLIST_KEY_UIMainStoryboardFile = "";
				INFOPLIST_KEY_UISupportedInterfaceOrientations_iPad = "UIInterfaceOrientationPortrait UIInterfaceOrientationPortraitUpsideDown UIInterfaceOrientationLandscapeLeft UIInterfaceOrientationLandscapeRight";
				INFOPLIST_KEY_UISupportedInterfaceOrientations_iPhone = "UIInterfaceOrientationPortrait UIInterfaceOrientationLandscapeLeft UIInterfaceOrientationLandscapeRight";
				LD_RUNPATH_SEARCH_PATHS = (
					"$(inherited)",
					"@executable_path/Frameworks",
				);
				MARKETING_VERSION = 1.0;
				PRODUCT_BUNDLE_IDENTIFIER = mr.Adam.NamMQI;
				PRODUCT_NAME = "$(TARGET_NAME)";
				SWIFT_EMIT_LOC_STRINGS = YES;
				SWIFT_VERSION = 5.0;
				TARGETED_DEVICE_FAMILY = "1,2";
			};
			name = Debug;
		};
		EE1E59022B29EF550051DA49 /* Release */ = {
			isa = XCBuildConfiguration;
			baseConfigurationReference = 2C94B1202037106C03A4AE0D /* Pods-NamMQI.release.xcconfig */;
			buildSettings = {
				ASSETCATALOG_COMPILER_APPICON_NAME = AppIcon;
				ASSETCATALOG_COMPILER_GLOBAL_ACCENT_COLOR_NAME = AccentColor;
				CODE_SIGN_STYLE = Automatic;
				CURRENT_PROJECT_VERSION = 1;
				DEVELOPMENT_TEAM = CWJG98258B;
				GENERATE_INFOPLIST_FILE = YES;
				INFOPLIST_FILE = NamMQI/Info.plist;
				INFOPLIST_KEY_CFBundleDisplayName = NamMaster;
				INFOPLIST_KEY_UIApplicationSupportsIndirectInputEvents = YES;
				INFOPLIST_KEY_UILaunchStoryboardName = LaunchScreen;
				INFOPLIST_KEY_UIMainStoryboardFile = "";
				INFOPLIST_KEY_UISupportedInterfaceOrientations_iPad = "UIInterfaceOrientationPortrait UIInterfaceOrientationPortraitUpsideDown UIInterfaceOrientationLandscapeLeft UIInterfaceOrientationLandscapeRight";
				INFOPLIST_KEY_UISupportedInterfaceOrientations_iPhone = "UIInterfaceOrientationPortrait UIInterfaceOrientationLandscapeLeft UIInterfaceOrientationLandscapeRight";
				LD_RUNPATH_SEARCH_PATHS = (
					"$(inherited)",
					"@executable_path/Frameworks",
				);
				MARKETING_VERSION = 1.0;
				PRODUCT_BUNDLE_IDENTIFIER = mr.Adam.NamMQI;
				PRODUCT_NAME = "$(TARGET_NAME)";
				SWIFT_EMIT_LOC_STRINGS = YES;
				SWIFT_VERSION = 5.0;
				TARGETED_DEVICE_FAMILY = "1,2";
			};
			name = Release;
		};
/* End XCBuildConfiguration section */

/* Begin XCConfigurationList section */
		EE1E58E42B29EF530051DA49 /* Build configuration list for PBXProject "NamMQI" */ = {
			isa = XCConfigurationList;
			buildConfigurations = (
				EE1E58FE2B29EF550051DA49 /* Debug */,
				EE1E58FF2B29EF550051DA49 /* Release */,
			);
			defaultConfigurationIsVisible = 0;
			defaultConfigurationName = Release;
		};
		EE1E59002B29EF550051DA49 /* Build configuration list for PBXNativeTarget "NamMQI" */ = {
			isa = XCConfigurationList;
			buildConfigurations = (
				EE1E59012B29EF550051DA49 /* Debug */,
				EE1E59022B29EF550051DA49 /* Release */,
			);
			defaultConfigurationIsVisible = 0;
			defaultConfigurationName = Release;
		};
/* End XCConfigurationList section */

/* Begin XCVersionGroup section */
		EE1E58F52B29EF530051DA49 /* NamMQI.xcdatamodeld */ = {
			isa = XCVersionGroup;
			children = (
				EE1E58F62B29EF530051DA49 /* NamMQI.xcdatamodel */,
			);
			currentVersion = EE1E58F62B29EF530051DA49 /* NamMQI.xcdatamodel */;
			path = NamMQI.xcdatamodeld;
			sourceTree = "<group>";
			versionGroupType = wrapper.xcdatamodel;
		};
/* End XCVersionGroup section */
	};
	rootObject = EE1E58E12B29EF530051DA49 /* Project object */;
}
